
Microsoft Visual Studio Solution File, Format Version 12.00
# Visual Studio Version 16
VisualStudioVersion = 16.0.30523.141
MinimumVisualStudioVersion = 10.0.40219.1
Project("{FAE04EC0-301F-11D3-BF4B-00C04F79EFBC}") = "InterviewCodingPractice", "InterviewCodingPractice.csproj", "{EE38E209-2CAD-4057-91DE-D5721C00BEDF}"
EndProject
Global
	GlobalSection(SolutionConfigurationPlatforms) = preSolution
		Debug|Any CPU = Debug|Any CPU
		Release|Any CPU = Release|Any CPU
	EndGlobalSection
	GlobalSection(ProjectConfigurationPlatforms) = postSolution
		{EE38E209-2CAD-4057-91DE-D5721C00BEDF}.Debug|Any CPU.ActiveCfg = Debug|Any CPU
		{EE38E209-2CAD-4057-91DE-D5721C00BEDF}.Debug|Any CPU.Build.0 = Debug|Any CPU
		{EE38E209-2CAD-4057-91DE-D5721C00BEDF}.Release|Any CPU.ActiveCfg = Release|Any CPU
		{EE38E209-2CAD-4057-91DE-D5721C00BEDF}.Release|Any CPU.Build.0 = Release|Any CPU
	EndGlobalSection
	GlobalSection(SolutionProperties) = preSolution
		HideSolutionNode = FALSE
	EndGlobalSection
	GlobalSection(ExtensibilityGlobals) = postSolution
		SolutionGuid = {66ECFC34-4527-431B-8E74-0E13AB743A35}
	EndGlobalSection
EndGlobal
